# Pinned dependencies — generated from pyenv 3.11.14
# Core server
flask==2.3.3
flask-session==0.8.0
gunicorn==25.3.0
requests==2.31.0
psutil==7.2.2
werkzeug==3.1.6
valkey==6.1.1
cachelib==0.14.0
jinja2==3.1.6
certifi==2026.2.25

# ML / Audio
torch==2.5.1+rocm6.2
torchaudio==2.5.1+rocm6.2
numpy==2.4.4
srt==3.5.3
soundfile==0.13.1

# Sentence transformer / embeddings
sentence-transformers==2.3.1
sentencepiece==0.2.1

# Video search (FastAPI)
fastapi==0.136.1
uvicorn==0.27.0
pydantic==2.13.4
pydantic-core==2.46.4
pydantic-extra-types==2.11.1
pydantic-settings==2.13.1

# Auth
email-validator==2.3.0

# Dev / tooling
python-dotenv==1.0.0
rich==14.3.3

# Custom dependency (install from source):
# chatterbox @ https://github.com/js9s1/chatterbox
